
Microsoft Visual Studio Solution File, Format Version 12.00
# Visual Studio Version 17
VisualStudioVersion = 17.8.34601.278
MinimumVisualStudioVersion = 10.0.40219.1
Project("{FAE04EC0-301F-11D3-BF4B-00C04F79EFBC}") = "Vigenere Cipher", "Vigenere Cipher\Vigenere Cipher.csproj", "{289A13D9-EB55-4198-940B-34A03654E55F}"
EndProject
Global
	GlobalSection(SolutionConfigurationPlatforms) = preSolution
		Debug|Any CPU = Debug|Any CPU
		Release|Any CPU = Release|Any CPU
	EndGlobalSection
	GlobalSection(ProjectConfigurationPlatforms) = postSolution
		{289A13D9-EB55-4198-940B-34A03654E55F}.Debug|Any CPU.ActiveCfg = Debug|Any CPU
		{289A13D9-EB55-4198-940B-34A03654E55F}.Debug|Any CPU.Build.0 = Debug|Any CPU
		{289A13D9-EB55-4198-940B-34A03654E55F}.Release|Any CPU.ActiveCfg = Release|Any CPU
		{289A13D9-EB55-4198-940B-34A03654E55F}.Release|Any CPU.Build.0 = Release|Any CPU
	EndGlobalSection
	GlobalSection(SolutionProperties) = preSolution
		HideSolutionNode = FALSE
	EndGlobalSection
	GlobalSection(ExtensibilityGlobals) = postSolution
		SolutionGuid = {3604E01A-CBB8-4CEA-9FD0-6D2336C377E2}
	EndGlobalSection
EndGlobal
